// !$*UTF8*$!
{
	archiveVersion = 1;
	classes = {
	};
	objectVersion = 55;
	objects = {

/* Begin PBXBuildFile section */
		4A56227028D7EC6200202A0E /* Travel_notesApp.swift in Sources */ = {isa = PBXBuildFile; fileRef = 4A56226F28D7EC6200202A0E /* Travel_notesApp.swift */; };
		4A56227228D7EC6200202A0E /* ContentView.swift in Sources */ = {isa = PBXBuildFile; fileRef = 4A56227128D7EC6200202A0E /* ContentView.swift */; };
		4A56227428D7EC6200202A0E /* Assets.xcassets in Resources */ = {isa = PBXBuildFile; fileRef = 4A56227328D7EC6200202A0E /* Assets.xcassets */; };
		4A56227728D7EC6200202A0E /* Preview Assets.xcassets in Resources */ = {isa = PBXBuildFile; fileRef = 4A56227628D7EC6200202A0E /* Preview Assets.xcassets */; };
		4A56228528D7F1B600202A0E /* amplifyconfiguration.json in Resources */ = {isa = PBXBuildFile; fileRef = 4A56228328D7F1B600202A0E /* amplifyconfiguration.json */; };
		4A56228628D7F1B600202A0E /* awsconfiguration.json in Resources */ = {isa = PBXBuildFile; fileRef = 4A56228428D7F1B600202A0E /* awsconfiguration.json */; };
		4A56228828D7F24700202A0E /* Backend.swift in Sources */ = {isa = PBXBuildFile; fileRef = 4A56228728D7F24700202A0E /* Backend.swift */; };
		4A56229C28D835DD00202A0E /* NoteData.swift in Sources */ = {isa = PBXBuildFile; fileRef = 4A56229928D835DD00202A0E /* NoteData.swift */; };
		4A56229D28D835DD00202A0E /* AmplifyModels.swift in Sources */ = {isa = PBXBuildFile; fileRef = 4A56229A28D835DD00202A0E /* AmplifyModels.swift */; };
		4A56229E28D835DD00202A0E /* NoteData+Schema.swift in Sources */ = {isa = PBXBuildFile; fileRef = 4A56229B28D835DD00202A0E /* NoteData+Schema.swift */; };
		4A5622A828D89A2700202A0E /* AWSAPIPlugin in Frameworks */ = {isa = PBXBuildFile; productRef = 4A5622A728D89A2700202A0E /* AWSAPIPlugin */; };
		4A5622AA28D89A2700202A0E /* AWSCognitoAuthPlugin in Frameworks */ = {isa = PBXBuildFile; productRef = 4A5622A928D89A2700202A0E /* AWSCognitoAuthPlugin */; };
		4A5622AC28D89A2700202A0E /* AWSS3StoragePlugin in Frameworks */ = {isa = PBXBuildFile; productRef = 4A5622AB28D89A2700202A0E /* AWSS3StoragePlugin */; };
		4A5622AE28D89A2700202A0E /* Amplify in Frameworks */ = {isa = PBXBuildFile; productRef = 4A5622AD28D89A2700202A0E /* Amplify */; };
/* End PBXBuildFile section */

/* Begin PBXFileReference section */
		4A56226C28D7EC6200202A0E /* Travel notes.app */ = {isa = PBXFileReference; explicitFileType = wrapper.application; includeInIndex = 0; path = "Travel notes.app"; sourceTree = BUILT_PRODUCTS_DIR; };
		4A56226F28D7EC6200202A0E /* Travel_notesApp.swift */ = {isa = PBXFileReference; lastKnownFileType = sourcecode.swift; path = Travel_notesApp.swift; sourceTree = "<group>"; };
		4A56227128D7EC6200202A0E /* ContentView.swift */ = {isa = PBXFileReference; lastKnownFileType = sourcecode.swift; path = ContentView.swift; sourceTree = "<group>"; };
		4A56227328D7EC6200202A0E /* Assets.xcassets */ = {isa = PBXFileReference; lastKnownFileType = folder.assetcatalog; path = Assets.xcassets; sourceTree = "<group>"; };
		4A56227628D7EC6200202A0E /* Preview Assets.xcassets */ = {isa = PBXFileReference; lastKnownFileType = folder.assetcatalog; path = "Preview Assets.xcassets"; sourceTree = "<group>"; };
		4A56228328D7F1B600202A0E /* amplifyconfiguration.json */ = {isa = PBXFileReference; fileEncoding = 4; lastKnownFileType = text.json; path = amplifyconfiguration.json; sourceTree = "<group>"; };
		4A56228428D7F1B600202A0E /* awsconfiguration.json */ = {isa = PBXFileReference; fileEncoding = 4; lastKnownFileType = text.json; path = awsconfiguration.json; sourceTree = "<group>"; };
		4A56228728D7F24700202A0E /* Backend.swift */ = {isa = PBXFileReference; lastKnownFileType = sourcecode.swift; path = Backend.swift; sourceTree = "<group>"; };
		4A56228C28D80D8200202A0E /* Travel-notes-Info.plist */ = {isa = PBXFileReference; lastKnownFileType = text.plist; path = "Travel-notes-Info.plist"; sourceTree = SOURCE_ROOT; };
		4A56229928D835DD00202A0E /* NoteData.swift */ = {isa = PBXFileReference; fileEncoding = 4; lastKnownFileType = sourcecode.swift; path = NoteData.swift; sourceTree = "<group>"; };
		4A56229A28D835DD00202A0E /* AmplifyModels.swift */ = {isa = PBXFileReference; fileEncoding = 4; lastKnownFileType = sourcecode.swift; path = AmplifyModels.swift; sourceTree = "<group>"; };
		4A56229B28D835DD00202A0E /* NoteData+Schema.swift */ = {isa = PBXFileReference; fileEncoding = 4; lastKnownFileType = sourcecode.swift; path = "NoteData+Schema.swift"; sourceTree = "<group>"; };
/* End PBXFileReference section */

/* Begin PBXFrameworksBuildPhase section */
		4A56226928D7EC6200202A0E /* Frameworks */ = {
			isa = PBXFrameworksBuildPhase;
			buildActionMask = 2147483647;
			files = (
				4A5622A828D89A2700202A0E /* AWSAPIPlugin in Frameworks */,
				4A5622AE28D89A2700202A0E /* Amplify in Frameworks */,
				4A5622AA28D89A2700202A0E /* AWSCognitoAuthPlugin in Frameworks */,
				4A5622AC28D89A2700202A0E /* AWSS3StoragePlugin in Frameworks */,
			);
			runOnlyForDeploymentPostprocessing = 0;
		};
/* End PBXFrameworksBuildPhase section */

/* Begin PBXGroup section */
		4A56226328D7EC6200202A0E = {
			isa = PBXGroup;
			children = (
				4A56228328D7F1B600202A0E /* amplifyconfiguration.json */,
				4A56228428D7F1B600202A0E /* awsconfiguration.json */,
				4A56226E28D7EC6200202A0E /* Travel notes */,
				4A56226D28D7EC6200202A0E /* Products */,
			);
			sourceTree = "<group>";
		};
		4A56226D28D7EC6200202A0E /* Products */ = {
			isa = PBXGroup;
			children = (
				4A56226C28D7EC6200202A0E /* Travel notes.app */,
			);
			name = Products;
			sourceTree = "<group>";
		};
		4A56226E28D7EC6200202A0E /* Travel notes */ = {
			isa = PBXGroup;
			children = (
				4A56229728D835DD00202A0E /* generated */,
				4A56228C28D80D8200202A0E /* Travel-notes-Info.plist */,
				4A56226F28D7EC6200202A0E /* Travel_notesApp.swift */,
				4A56227128D7EC6200202A0E /* ContentView.swift */,
				4A56227328D7EC6200202A0E /* Assets.xcassets */,
				4A56227528D7EC6200202A0E /* Preview Content */,
				4A56228728D7F24700202A0E /* Backend.swift */,
			);
			path = "Travel notes";
			sourceTree = "<group>";
		};
		4A56227528D7EC6200202A0E /* Preview Content */ = {
			isa = PBXGroup;
			children = (
				4A56227628D7EC6200202A0E /* Preview Assets.xcassets */,
			);
			path = "Preview Content";
			sourceTree = "<group>";
		};
		4A56229728D835DD00202A0E /* generated */ = {
			isa = PBXGroup;
			children = (
				4A56229828D835DD00202A0E /* models */,
			);
			name = generated;
			path = amplify/generated;
			sourceTree = SOURCE_ROOT;
		};
		4A56229828D835DD00202A0E /* models */ = {
			isa = PBXGroup;
			children = (
				4A56229928D835DD00202A0E /* NoteData.swift */,
				4A56229A28D835DD00202A0E /* AmplifyModels.swift */,
				4A56229B28D835DD00202A0E /* NoteData+Schema.swift */,
			);
			path = models;
			sourceTree = "<group>";
		};
/* End PBXGroup section */

/* Begin PBXNativeTarget section */
		4A56226B28D7EC6200202A0E /* Travel notes */ = {
			isa = PBXNativeTarget;
			buildConfigurationList = 4A56227A28D7EC6200202A0E /* Build configuration list for PBXNativeTarget "Travel notes" */;
			buildPhases = (
				4A56226828D7EC6200202A0E /* Sources */,
				4A56226928D7EC6200202A0E /* Frameworks */,
				4A56226A28D7EC6200202A0E /* Resources */,
			);
			buildRules = (
			);
			dependencies = (
			);
			name = "Travel notes";
			packageProductDependencies = (
				4A5622A728D89A2700202A0E /* AWSAPIPlugin */,
				4A5622A928D89A2700202A0E /* AWSCognitoAuthPlugin */,
				4A5622AB28D89A2700202A0E /* AWSS3StoragePlugin */,
				4A5622AD28D89A2700202A0E /* Amplify */,
			);
			productName = "Travel notes";
			productReference = 4A56226C28D7EC6200202A0E /* Travel notes.app */;
			productType = "com.apple.product-type.application";
		};
/* End PBXNativeTarget section */

/* Begin PBXProject section */
		4A56226428D7EC6200202A0E /* Project object */ = {
			isa = PBXProject;
			attributes = {
				BuildIndependentTargetsInParallel = 1;
				LastSwiftUpdateCheck = 1340;
				LastUpgradeCheck = 1340;
				TargetAttributes = {
					4A56226B28D7EC6200202A0E = {
						CreatedOnToolsVersion = 13.4.1;
					};
				};
			};
			buildConfigurationList = 4A56226728D7EC6200202A0E /* Build configuration list for PBXProject "Travel notes" */;
			compatibilityVersion = "Xcode 13.0";
			developmentRegion = en;
			hasScannedForEncodings = 0;
			knownRegions = (
				en,
				Base,
			);
			mainGroup = 4A56226328D7EC6200202A0E;
			packageReferences = (
				4A5622A628D89A2700202A0E /* XCRemoteSwiftPackageReference "amplify-ios" */,
			);
			productRefGroup = 4A56226D28D7EC6200202A0E /* Products */;
			projectDirPath = "";
			projectRoot = "";
			targets = (
				4A56226B28D7EC6200202A0E /* Travel notes */,
			);
		};
/* End PBXProject section */

/* Begin PBXResourcesBuildPhase section */
		4A56226A28D7EC6200202A0E /* Resources */ = {
			isa = PBXResourcesBuildPhase;
			buildActionMask = 2147483647;
			files = (
				4A56228628D7F1B600202A0E /* awsconfiguration.json in Resources */,
				4A56227728D7EC6200202A0E /* Preview Assets.xcassets in Resources */,
				4A56228528D7F1B600202A0E /* amplifyconfiguration.json in Resources */,
				4A56227428D7EC6200202A0E /* Assets.xcassets in Resources */,
			);
			runOnlyForDeploymentPostprocessing = 0;
		};
/* End PBXResourcesBuildPhase section */

/* Begin PBXSourcesBuildPhase section */
		4A56226828D7EC6200202A0E /* Sources */ = {
			isa = PBXSourcesBuildPhase;
			buildActionMask = 2147483647;
			files = (
				4A56229E28D835DD00202A0E /* NoteData+Schema.swift in Sources */,
				4A56229D28D835DD00202A0E /* AmplifyModels.swift in Sources */,
				4A56227228D7EC6200202A0E /* ContentView.swift in Sources */,
				4A56229C28D835DD00202A0E /* NoteData.swift in Sources */,
				4A56228828D7F24700202A0E /* Backend.swift in Sources */,
				4A56227028D7EC6200202A0E /* Travel_notesApp.swift in Sources */,
			);
			runOnlyForDeploymentPostprocessing = 0;
		};
/* End PBXSourcesBuildPhase section */

/* Begin XCBuildConfiguration section */
		4A56227828D7EC6200202A0E /* Debug */ = {
			isa = XCBuildConfiguration;
			buildSettings = {
				ALWAYS_SEARCH_USER_PATHS = NO;
				CLANG_ANALYZER_NONNULL = YES;
				CLANG_ANALYZER_NUMBER_OBJECT_CONVERSION = YES_AGGRESSIVE;
				CLANG_CXX_LANGUAGE_STANDARD = "gnu++17";
				CLANG_ENABLE_MODULES = YES;
				CLANG_ENABLE_OBJC_ARC = YES;
				CLANG_ENABLE_OBJC_WEAK = YES;
				CLANG_WARN_BLOCK_CAPTURE_AUTORELEASING = YES;
				CLANG_WARN_BOOL_CONVERSION = YES;
				CLANG_WARN_COMMA = YES;
				CLANG_WARN_CONSTANT_CONVERSION = YES;
				CLANG_WARN_DEPRECATED_OBJC_IMPLEMENTATIONS = YES;
				CLANG_WARN_DIRECT_OBJC_ISA_USAGE = YES_ERROR;
				CLANG_WARN_DOCUMENTATION_COMMENTS = YES;
				CLANG_WARN_EMPTY_BODY = YES;
				CLANG_WARN_ENUM_CONVERSION = YES;
				CLANG_WARN_INFINITE_RECURSION = YES;
				CLANG_WARN_INT_CONVERSION = YES;
				CLANG_WARN_NON_LITERAL_NULL_CONVERSION = YES;
				CLANG_WARN_OBJC_IMPLICIT_RETAIN_SELF = YES;
				CLANG_WARN_OBJC_LITERAL_CONVERSION = YES;
				CLANG_WARN_OBJC_ROOT_CLASS = YES_ERROR;
				CLANG_WARN_QUOTED_INCLUDE_IN_FRAMEWORK_HEADER = YES;
				CLANG_WARN_RANGE_LOOP_ANALYSIS = YES;
				CLANG_WARN_STRICT_PROTOTYPES = YES;
				CLANG_WARN_SUSPICIOUS_MOVE = YES;
				CLANG_WARN_UNGUARDED_AVAILABILITY = YES_AGGRESSIVE;
				CLANG_WARN_UNREACHABLE_CODE = YES;
				CLANG_WARN__DUPLICATE_METHOD_MATCH = YES;
				COPY_PHASE_STRIP = NO;
				DEBUG_INFORMATION_FORMAT = dwarf;
				ENABLE_STRICT_OBJC_MSGSEND = YES;
				ENABLE_TESTABILITY = YES;
				GCC_C_LANGUAGE_STANDARD = gnu11;
				GCC_DYNAMIC_NO_PIC = NO;
				GCC_NO_COMMON_BLOCKS = YES;
				GCC_OPTIMIZATION_LEVEL = 0;
				GCC_PREPROCESSOR_DEFINITIONS = (
					"DEBUG=1",
					"$(inherited)",
				);
				GCC_WARN_64_TO_32_BIT_CONVERSION = YES;
				GCC_WARN_ABOUT_RETURN_TYPE = YES_ERROR;
				GCC_WARN_UNDECLARED_SELECTOR = YES;
				GCC_WARN_UNINITIALIZED_AUTOS = YES_AGGRESSIVE;
				GCC_WARN_UNUSED_FUNCTION = YES;
				GCC_WARN_UNUSED_VARIABLE = YES;
				IPHONEOS_DEPLOYMENT_TARGET = 15.5;
				MTL_ENABLE_DEBUG_INFO = INCLUDE_SOURCE;
				MTL_FAST_MATH = YES;
				ONLY_ACTIVE_ARCH = YES;
				SDKROOT = iphoneos;
				SWIFT_ACTIVE_COMPILATION_CONDITIONS = DEBUG;
				SWIFT_OPTIMIZATION_LEVEL = "-Onone";
			};
			name = Debug;
		};
		4A56227928D7EC6200202A0E /* Release */ = {
			isa = XCBuildConfiguration;
			buildSettings = {
				ALWAYS_SEARCH_USER_PATHS = NO;
				CLANG_ANALYZER_NONNULL = YES;
				CLANG_ANALYZER_NUMBER_OBJECT_CONVERSION = YES_AGGRESSIVE;
				CLANG_CXX_LANGUAGE_STANDARD = "gnu++17";
				CLANG_ENABLE_MODULES = YES;
				CLANG_ENABLE_OBJC_ARC = YES;
				CLANG_ENABLE_OBJC_WEAK = YES;
				CLANG_WARN_BLOCK_CAPTURE_AUTORELEASING = YES;
				CLANG_WARN_BOOL_CONVERSION = YES;
				CLANG_WARN_COMMA = YES;
				CLANG_WARN_CONSTANT_CONVERSION = YES;
				CLANG_WARN_DEPRECATED_OBJC_IMPLEMENTATIONS = YES;
				CLANG_WARN_DIRECT_OBJC_ISA_USAGE = YES_ERROR;
				CLANG_WARN_DOCUMENTATION_COMMENTS = YES;
				CLANG_WARN_EMPTY_BODY = YES;
				CLANG_WARN_ENUM_CONVERSION = YES;
				CLANG_WARN_INFINITE_RECURSION = YES;
				CLANG_WARN_INT_CONVERSION = YES;
				CLANG_WARN_NON_LITERAL_NULL_CONVERSION = YES;
				CLANG_WARN_OBJC_IMPLICIT_RETAIN_SELF = YES;
				CLANG_WARN_OBJC_LITERAL_CONVERSION = YES;
				CLANG_WARN_OBJC_ROOT_CLASS = YES_ERROR;
				CLANG_WARN_QUOTED_INCLUDE_IN_FRAMEWORK_HEADER = YES;
				CLANG_WARN_RANGE_LOOP_ANALYSIS = YES;
				CLANG_WARN_STRICT_PROTOTYPES = YES;
				CLANG_WARN_SUSPICIOUS_MOVE = YES;
				CLANG_WARN_UNGUARDED_AVAILABILITY = YES_AGGRESSIVE;
				CLANG_WARN_UNREACHABLE_CODE = YES;
				CLANG_WARN__DUPLICATE_METHOD_MATCH = YES;
				COPY_PHASE_STRIP = NO;
				DEBUG_INFORMATION_FORMAT = "dwarf-with-dsym";
				ENABLE_NS_ASSERTIONS = NO;
				ENABLE_STRICT_OBJC_MSGSEND = YES;
				GCC_C_LANGUAGE_STANDARD = gnu11;
				GCC_NO_COMMON_BLOCKS = YES;
				GCC_WARN_64_TO_32_BIT_CONVERSION = YES;
				GCC_WARN_ABOUT_RETURN_TYPE = YES_ERROR;
				GCC_WARN_UNDECLARED_SELECTOR = YES;
				GCC_WARN_UNINITIALIZED_AUTOS = YES_AGGRESSIVE;
				GCC_WARN_UNUSED_FUNCTION = YES;
				GCC_WARN_UNUSED_VARIABLE = YES;
				IPHONEOS_DEPLOYMENT_TARGET = 15.5;
				MTL_ENABLE_DEBUG_INFO = NO;
				MTL_FAST_MATH = YES;
				SDKROOT = iphoneos;
				SWIFT_COMPILATION_MODE = wholemodule;
				SWIFT_OPTIMIZATION_LEVEL = "-O";
				VALIDATE_PRODUCT = YES;
			};
			name = Release;
		};
		4A56227B28D7EC6200202A0E /* Debug */ = {
			isa = XCBuildConfiguration;
			buildSettings = {
				ASSETCATALOG_COMPILER_APPICON_NAME = AppIcon;
				ASSETCATALOG_COMPILER_GLOBAL_ACCENT_COLOR_NAME = AccentColor;
				CODE_SIGN_STYLE = Automatic;
				CURRENT_PROJECT_VERSION = 1;
				DEVELOPMENT_ASSET_PATHS = "\"Travel notes/Preview Content\"";
				ENABLE_PREVIEWS = YES;
				GENERATE_INFOPLIST_FILE = YES;
				INFOPLIST_FILE = "Travel-notes-Info.plist";
				INFOPLIST_KEY_UIApplicationSceneManifest_Generation = YES;
				INFOPLIST_KEY_UIApplicationSupportsIndirectInputEvents = YES;
				INFOPLIST_KEY_UILaunchScreen_Generation = YES;
				INFOPLIST_KEY_UISupportedInterfaceOrientations_iPad = "UIInterfaceOrientationPortrait UIInterfaceOrientationPortraitUpsideDown UIInterfaceOrientationLandscapeLeft UIInterfaceOrientationLandscapeRight";
				INFOPLIST_KEY_UISupportedInterfaceOrientations_iPhone = "UIInterfaceOrientationPortrait UIInterfaceOrientationLandscapeLeft UIInterfaceOrientationLandscapeRight";
				LD_RUNPATH_SEARCH_PATHS = (
					"$(inherited)",
					"@executable_path/Frameworks",
				);
				MARKETING_VERSION = 1.0;
				PRODUCT_BUNDLE_IDENTIFIER = "net.micktheasbestos.Travel-notes";
				PRODUCT_NAME = "$(TARGET_NAME)";
				SWIFT_EMIT_LOC_STRINGS = YES;
				SWIFT_VERSION = 5.0;
				TARGETED_DEVICE_FAMILY = "1,2";
			};
			name = Debug;
		};
		4A56227C28D7EC6200202A0E /* Release */ = {
			isa = XCBuildConfiguration;
			buildSettings = {
				ASSETCATALOG_COMPILER_APPICON_NAME = AppIcon;
				ASSETCATALOG_COMPILER_GLOBAL_ACCENT_COLOR_NAME = AccentColor;
				CODE_SIGN_STYLE = Automatic;
				CURRENT_PROJECT_VERSION = 1;
				DEVELOPMENT_ASSET_PATHS = "\"Travel notes/Preview Content\"";
				ENABLE_PREVIEWS = YES;
				GENERATE_INFOPLIST_FILE = YES;
				INFOPLIST_FILE = "Travel-notes-Info.plist";
				INFOPLIST_KEY_UIApplicationSceneManifest_Generation = YES;
				INFOPLIST_KEY_UIApplicationSupportsIndirectInputEvents = YES;
				INFOPLIST_KEY_UILaunchScreen_Generation = YES;
				INFOPLIST_KEY_UISupportedInterfaceOrientations_iPad = "UIInterfaceOrientationPortrait UIInterfaceOrientationPortraitUpsideDown UIInterfaceOrientationLandscapeLeft UIInterfaceOrientationLandscapeRight";
				INFOPLIST_KEY_UISupportedInterfaceOrientations_iPhone = "UIInterfaceOrientationPortrait UIInterfaceOrientationLandscapeLeft UIInterfaceOrientationLandscapeRight";
				LD_RUNPATH_SEARCH_PATHS = (
					"$(inherited)",
					"@executable_path/Frameworks",
				);
				MARKETING_VERSION = 1.0;
				PRODUCT_BUNDLE_IDENTIFIER = "net.micktheasbestos.Travel-notes";
				PRODUCT_NAME = "$(TARGET_NAME)";
				SWIFT_EMIT_LOC_STRINGS = YES;
				SWIFT_VERSION = 5.0;
				TARGETED_DEVICE_FAMILY = "1,2";
			};
			name = Release;
		};
/* End XCBuildConfiguration section */

/* Begin XCConfigurationList section */
		4A56226728D7EC6200202A0E /* Build configuration list for PBXProject "Travel notes" */ = {
			isa = XCConfigurationList;
			buildConfigurations = (
				4A56227828D7EC6200202A0E /* Debug */,
				4A56227928D7EC6200202A0E /* Release */,
			);
			defaultConfigurationIsVisible = 0;
			defaultConfigurationName = Release;
		};
		4A56227A28D7EC6200202A0E /* Build configuration list for PBXNativeTarget "Travel notes" */ = {
			isa = XCConfigurationList;
			buildConfigurations = (
				4A56227B28D7EC6200202A0E /* Debug */,
				4A56227C28D7EC6200202A0E /* Release */,
			);
			defaultConfigurationIsVisible = 0;
			defaultConfigurationName = Release;
		};
/* End XCConfigurationList section */

/* Begin XCRemoteSwiftPackageReference section */
		4A5622A628D89A2700202A0E /* XCRemoteSwiftPackageReference "amplify-ios" */ = {
			isa = XCRemoteSwiftPackageReference;
			repositoryURL = "https://github.com/aws-amplify/amplify-ios";
			requirement = {
				kind = upToNextMajorVersion;
				minimumVersion = 1.0.0;
			};
		};
/* End XCRemoteSwiftPackageReference section */

/* Begin XCSwiftPackageProductDependency section */
		4A5622A728D89A2700202A0E /* AWSAPIPlugin */ = {
			isa = XCSwiftPackageProductDependency;
			package = 4A5622A628D89A2700202A0E /* XCRemoteSwiftPackageReference "amplify-ios" */;
			productName = AWSAPIPlugin;
		};
		4A5622A928D89A2700202A0E /* AWSCognitoAuthPlugin */ = {
			isa = XCSwiftPackageProductDependency;
			package = 4A5622A628D89A2700202A0E /* XCRemoteSwiftPackageReference "amplify-ios" */;
			productName = AWSCognitoAuthPlugin;
		};
		4A5622AB28D89A2700202A0E /* AWSS3StoragePlugin */ = {
			isa = XCSwiftPackageProductDependency;
			package = 4A5622A628D89A2700202A0E /* XCRemoteSwiftPackageReference "amplify-ios" */;
			productName = AWSS3StoragePlugin;
		};
		4A5622AD28D89A2700202A0E /* Amplify */ = {
			isa = XCSwiftPackageProductDependency;
			package = 4A5622A628D89A2700202A0E /* XCRemoteSwiftPackageReference "amplify-ios" */;
			productName = Amplify;
		};
/* End XCSwiftPackageProductDependency section */
	};
	rootObject = 4A56226428D7EC6200202A0E /* Project object */;
}
